{
  "name": "tunnel",
  "version": "1.0.0",
  "lockfileVersion": 3,
  "requires": true,
  "packages": {
    "": {
      "name": "tunnel",
      "version": "1.0.0",
      "license": "ISC",
      "dependencies": {
        "@roamhq/wrtc": "^0.9.0",
        "peerjs": "^1.5.5"
      }
    },
    "node_modules/@msgpack/msgpack": {
      "version": "2.8.0",
      "resolved": "https://registry.npmjs.org/@msgpack/msgpack/-/msgpack-2.8.0.tgz",
      "integrity": "sha512-h9u4u/jiIRKbq25PM+zymTyW6bhTzELvOoUd+AvYriWOAKpLGnIamaET3pnHYoI5iYphAHBI4ayx0MehR+VVPQ==",
      "license": "ISC",
      "engines": {
        "node": ">= 10"
      }
    },
    "node_modules/@roamhq/wrtc": {
      "version": "0.9.0",
      "resolved": "https://registry.npmjs.org/@roamhq/wrtc/-/wrtc-0.9.0.tgz",
      "integrity": "sha512-b61ld6g0hHDh/K1y0Lckxg5HBunaESNW6N23ewviW5IvwBfZiIYPUxQFWxqprMTr/6ODHmw5B2xvqvLyuAL5Xw==",
      "license": "BSD-2-Clause",
      "optionalDependencies": {
        "@roamhq/wrtc-darwin-arm64": "0.9.0",
        "@roamhq/wrtc-darwin-x64": "0.9.0",
        "@roamhq/wrtc-linux-arm64": "0.9.0",
        "@roamhq/wrtc-linux-x64": "0.9.0",
        "@roamhq/wrtc-win32-x64": "0.9.0",
        "domexception": "^4.0.0"
      }
    },
    "node_modules/@roamhq/wrtc-darwin-arm64": {
      "version": "0.9.0",
      "resolved": "https://registry.npmjs.org/@roamhq/wrtc-darwin-arm64/-/wrtc-darwin-arm64-0.9.0.tgz",
      "integrity": "sha512-bVbyI3Xm3ZlTPYnKz7gnLkxt1kZ8ZMW5QBwJpF/kS227O71pqUhicX/V5RRGqUmaER3JtXt0naR86ZPDfgTQBg==",
      "cpu": [
        "arm64"
      ],
      "license": "BSD-2-Clause",
      "optional": true,
      "os": [
        "darwin"
      ]
    },
    "node_modules/@roamhq/wrtc-darwin-x64": {
      "version": "0.9.0",
      "resolved": "https://registry.npmjs.org/@roamhq/wrtc-darwin-x64/-/wrtc-darwin-x64-0.9.0.tgz",
      "integrity": "sha512-99FFbFcIIqRR+H4ylkQgbgM8L5dx72hP5/GeJHB2h2f62Mb51bi30KokyOeBKH3X5R8bNi8LKnf7tV8d4kaGlA==",
      "cpu": [
        "x64"
      ],
      "license": "BSD-2-Clause",
      "optional": true,
      "os": [
        "darwin"
      ]
    },
    "node_modules/@roamhq/wrtc-linux-arm64": {
      "version": "0.9.0",
      "resolved": "https://registry.npmjs.org/@roamhq/wrtc-linux-arm64/-/wrtc-linux-arm64-0.9.0.tgz",
      "integrity": "sha512-JUtrPFGvp+/5YWz9L5eW9e4XPQ5lRFQR5/BlGQJQOutrkBYqvME8NvAHKhyNWm+b3Sgk0w6yZ1g1nSttPHFY6g==",
      "cpu": [
        "arm64"
      ],
      "license": "BSD-2-Clause",
      "optional": true,
      "os": [
        "linux"
      ]
    },
    "node_modules/@roamhq/wrtc-linux-x64": {
      "version": "0.9.0",
      "resolved": "https://registry.npmjs.org/@roamhq/wrtc-linux-x64/-/wrtc-linux-x64-0.9.0.tgz",
      "integrity": "sha512-ve6pIqeadUn6Jypb73A76041zdvGg/Bl0JU+T2+K8Zjw4aASebBFF4NX213dAS5viWUcNULzKV/s2PcpLDCyXQ==",
      "cpu": [
        "x64"
      ],
      "license": "BSD-2-Clause",
      "optional": true,
      "os": [
        "linux"
      ]
    },
    "node_modules/@roamhq/wrtc-win32-x64": {
      "version": "0.9.0",
      "resolved": "https://registry.npmjs.org/@roamhq/wrtc-win32-x64/-/wrtc-win32-x64-0.9.0.tgz",
      "integrity": "sha512-QoVe5KKP1IjIRGDZfMUJV0OgTCK3noc79P2uuLeR5iJqf+bLcgyNr818ljB7frxPMSZNwWC5eVQTGmclrIIOIg==",
      "cpu": [
        "x64"
      ],
      "license": "BSD-2-Clause",
      "optional": true,
      "os": [
        "win32"
      ]
    },
    "node_modules/domexception": {
      "version": "4.0.0",
      "resolved": "https://registry.npmjs.org/domexception/-/domexception-4.0.0.tgz",
      "integrity": "sha512-A2is4PLG+eeSfoTMA95/s4pvAoSo2mKtiM5jlHkAVewmiO8ISFTFKZjH7UAM1Atli/OT/7JHOrJRJiMKUZKYBw==",
      "deprecated": "Use your platform's native DOMException instead",
      "license": "MIT",
      "optional": true,
      "dependencies": {
        "webidl-conversions": "^7.0.0"
      },
      "engines": {
        "node": ">=12"
      }
    },
    "node_modules/eventemitter3": {
      "version": "4.0.7",
      "resolved": "https://registry.npmjs.org/eventemitter3/-/eventemitter3-4.0.7.tgz",
      "integrity": "sha512-8guHBZCwKnFhYdHr2ysuRWErTwhoN2X8XELRlrRwpmfeY2jjuUN4taQMsULKUVo1K4DvZl+0pgfyoysHxvmvEw==",
      "license": "MIT"
    },
    "node_modules/peerjs": {
      "version": "1.5.5",
      "resolved": "https://registry.npmjs.org/peerjs/-/peerjs-1.5.5.tgz",
      "integrity": "sha512-viMUCPDL6CSfOu0ZqVcFqbWRXNHIbv2lPqNbrBIjbFYrflebOjItJ4hPfhjnuUCstqciHVu9vVJ7jFqqKi/EuQ==",
      "license": "MIT",
      "dependencies": {
        "@msgpack/msgpack": "^2.8.0",
        "eventemitter3": "^4.0.7",
        "peerjs-js-binarypack": "^2.1.0",
        "webrtc-adapter": "^9.0.0"
      },
      "engines": {
        "node": ">= 14"
      },
      "funding": {
        "type": "opencollective",
        "url": "https://opencollective.com/peer"
      }
    },
    "node_modules/peerjs-js-binarypack": {
      "version": "2.1.0",
      "resolved": "https://registry.npmjs.org/peerjs-js-binarypack/-/peerjs-js-binarypack-2.1.0.tgz",
      "integrity": "sha512-YIwCC+pTzp3Bi8jPI9UFKO0t0SLo6xALnHkiNt/iUFmUUZG0fEEmEyFKvjsDKweiFitzHRyhuh6NvyJZ4nNxMg==",
      "license": "MIT",
      "engines": {
        "node": ">= 14.0.0"
      },
      "funding": {
        "type": "opencollective",
        "url": "https://opencollective.com/peer"
      }
    },
    "node_modules/sdp": {
      "version": "3.2.1",
      "resolved": "https://registry.npmjs.org/sdp/-/sdp-3.2.1.tgz",
      "integrity": "sha512-lwsAIzOPlH8/7IIjjz3K0zYBk7aBVVcvjMwt3M4fLxpjMYyy7i3I97SLHebgn4YBjirkzfp3RvRDWSKsh/+WFw==",
      "license": "MIT"
    },
    "node_modules/webidl-conversions": {
      "version": "7.0.0",
      "resolved": "https://registry.npmjs.org/webidl-conversions/-/webidl-conversions-7.0.0.tgz",
      "integrity": "sha512-VwddBukDzu71offAQR975unBIGqfKZpM+8ZX6ySk8nYhVoo5CYaZyzt3YBvYtRtO+aoGlqxPg/B87NGVZ/fu6g==",
      "license": "BSD-2-Clause",
      "optional": true,
      "engines": {
        "node": ">=12"
      }
    },
    "node_modules/webrtc-adapter": {
      "version": "9.0.3",
      "resolved": "https://registry.npmjs.org/webrtc-adapter/-/webrtc-adapter-9.0.3.tgz",
      "integrity": "sha512-5fALBcroIl31OeXAdd1YUntxiZl1eHlZZWzNg3U4Fn+J9/cGL3eT80YlrsWGvj2ojuz1rZr2OXkgCzIxAZ7vRQ==",
      "license": "BSD-3-Clause",
      "dependencies": {
        "sdp": "^3.2.0"
      },
      "engines": {
        "node": ">=6.0.0",
        "npm": ">=3.10.0"
      }
    }
  }
}
